// !$*UTF8*$!
{
	archiveVersion = 1;
	classes = {
	};
	objectVersion = 50;
	objects = {

/* Begin PBXBuildFile section */
		FFC6656525DA5C8D00A7F83C /* AppDelegate.swift in Sources */ = {isa = PBXBuildFile; fileRef = FFC6656425DA5C8D00A7F83C /* AppDelegate.swift */; };
		FFC6656725DA5C8D00A7F83C /* SceneDelegate.swift in Sources */ = {isa = PBXBuildFile; fileRef = FFC6656625DA5C8D00A7F83C /* SceneDelegate.swift */; };
		FFC6656925DA5C8D00A7F83C /* EmojiArtDocumentView.swift in Sources */ = {isa = PBXBuildFile; fileRef = FFC6656825DA5C8D00A7F83C /* EmojiArtDocumentView.swift */; };
		FFC6656B25DA5C8F00A7F83C /* Assets.xcassets in Resources */ = {isa = PBXBuildFile; fileRef = FFC6656A25DA5C8F00A7F83C /* Assets.xcassets */; };
		FFC6656E25DA5C8F00A7F83C /* Preview Assets.xcassets in Resources */ = {isa = PBXBuildFile; fileRef = FFC6656D25DA5C8F00A7F83C /* Preview Assets.xcassets */; };
		FFC6657125DA5C8F00A7F83C /* LaunchScreen.storyboard in Resources */ = {isa = PBXBuildFile; fileRef = FFC6656F25DA5C8F00A7F83C /* LaunchScreen.storyboard */; };
		FFC6657C25DA5E7200A7F83C /* EmojiArtDocument.swift in Sources */ = {isa = PBXBuildFile; fileRef = FFC6657B25DA5E7200A7F83C /* EmojiArtDocument.swift */; };
		FFC6658025DA635200A7F83C /* EmojiArt.swift in Sources */ = {isa = PBXBuildFile; fileRef = FFC6657F25DA635200A7F83C /* EmojiArt.swift */; };
		FFC6658425DA65A700A7F83C /* EmojiArtExtensions.swift in Sources */ = {isa = PBXBuildFile; fileRef = FFC6658325DA65A700A7F83C /* EmojiArtExtensions.swift */; };
/* End PBXBuildFile section */

/* Begin PBXFileReference section */
		FFC6656125DA5C8D00A7F83C /* EmojiArt.app */ = {isa = PBXFileReference; explicitFileType = wrapper.application; includeInIndex = 0; path = EmojiArt.app; sourceTree = BUILT_PRODUCTS_DIR; };
		FFC6656425DA5C8D00A7F83C /* AppDelegate.swift */ = {isa = PBXFileReference; lastKnownFileType = sourcecode.swift; path = AppDelegate.swift; sourceTree = "<group>"; };
		FFC6656625DA5C8D00A7F83C /* SceneDelegate.swift */ = {isa = PBXFileReference; lastKnownFileType = sourcecode.swift; path = SceneDelegate.swift; sourceTree = "<group>"; };
		FFC6656825DA5C8D00A7F83C /* EmojiArtDocumentView.swift */ = {isa = PBXFileReference; lastKnownFileType = sourcecode.swift; path = EmojiArtDocumentView.swift; sourceTree = "<group>"; };
		FFC6656A25DA5C8F00A7F83C /* Assets.xcassets */ = {isa = PBXFileReference; lastKnownFileType = folder.assetcatalog; path = Assets.xcassets; sourceTree = "<group>"; };
		FFC6656D25DA5C8F00A7F83C /* Preview Assets.xcassets */ = {isa = PBXFileReference; lastKnownFileType = folder.assetcatalog; path = "Preview Assets.xcassets"; sourceTree = "<group>"; };
		FFC6657025DA5C8F00A7F83C /* Base */ = {isa = PBXFileReference; lastKnownFileType = file.storyboard; name = Base; path = Base.lproj/LaunchScreen.storyboard; sourceTree = "<group>"; };
		FFC6657225DA5C8F00A7F83C /* Info.plist */ = {isa = PBXFileReference; lastKnownFileType = text.plist.xml; path = Info.plist; sourceTree = "<group>"; };
		FFC6657B25DA5E7200A7F83C /* EmojiArtDocument.swift */ = {isa = PBXFileReference; lastKnownFileType = sourcecode.swift; path = EmojiArtDocument.swift; sourceTree = "<group>"; };
		FFC6657F25DA635200A7F83C /* EmojiArt.swift */ = {isa = PBXFileReference; lastKnownFileType = sourcecode.swift; path = EmojiArt.swift; sourceTree = "<group>"; };
		FFC6658325DA65A700A7F83C /* EmojiArtExtensions.swift */ = {isa = PBXFileReference; fileEncoding = 4; lastKnownFileType = sourcecode.swift; path = EmojiArtExtensions.swift; sourceTree = "<group>"; };
/* End PBXFileReference section */

/* Begin PBXFrameworksBuildPhase section */
		FFC6655E25DA5C8D00A7F83C /* Frameworks */ = {
			isa = PBXFrameworksBuildPhase;
			buildActionMask = 2147483647;
			files = (
			);
			runOnlyForDeploymentPostprocessing = 0;
		};
/* End PBXFrameworksBuildPhase section */

/* Begin PBXGroup section */
		FFC6655825DA5C8D00A7F83C = {
			isa = PBXGroup;
			children = (
				FFC6656325DA5C8D00A7F83C /* EmojiArt */,
				FFC6656225DA5C8D00A7F83C /* Products */,
			);
			sourceTree = "<group>";
		};
		FFC6656225DA5C8D00A7F83C /* Products */ = {
			isa = PBXGroup;
			children = (
				FFC6656125DA5C8D00A7F83C /* EmojiArt.app */,
			);
			name = Products;
			sourceTree = "<group>";
		};
		FFC6656325DA5C8D00A7F83C /* EmojiArt */ = {
			isa = PBXGroup;
			children = (
				FFC6657B25DA5E7200A7F83C /* EmojiArtDocument.swift */,
				FFC6656825DA5C8D00A7F83C /* EmojiArtDocumentView.swift */,
				FFC6657F25DA635200A7F83C /* EmojiArt.swift */,
				FFC6658325DA65A700A7F83C /* EmojiArtExtensions.swift */,
				FFC6656425DA5C8D00A7F83C /* AppDelegate.swift */,
				FFC6656625DA5C8D00A7F83C /* SceneDelegate.swift */,
				FFC6656A25DA5C8F00A7F83C /* Assets.xcassets */,
				FFC6656F25DA5C8F00A7F83C /* LaunchScreen.storyboard */,
				FFC6657225DA5C8F00A7F83C /* Info.plist */,
				FFC6656C25DA5C8F00A7F83C /* Preview Content */,
			);
			path = EmojiArt;
			sourceTree = "<group>";
		};
		FFC6656C25DA5C8F00A7F83C /* Preview Content */ = {
			isa = PBXGroup;
			children = (
				FFC6656D25DA5C8F00A7F83C /* Preview Assets.xcassets */,
			);
			path = "Preview Content";
			sourceTree = "<group>";
		};
/* End PBXGroup section */

/* Begin PBXNativeTarget section */
		FFC6656025DA5C8D00A7F83C /* EmojiArt */ = {
			isa = PBXNativeTarget;
			buildConfigurationList = FFC6657525DA5C8F00A7F83C /* Build configuration list for PBXNativeTarget "EmojiArt" */;
			buildPhases = (
				FFC6655D25DA5C8D00A7F83C /* Sources */,
				FFC6655E25DA5C8D00A7F83C /* Frameworks */,
				FFC6655F25DA5C8D00A7F83C /* Resources */,
			);
			buildRules = (
			);
			dependencies = (
			);
			name = EmojiArt;
			productName = EmojiArt;
			productReference = FFC6656125DA5C8D00A7F83C /* EmojiArt.app */;
			productType = "com.apple.product-type.application";
		};
/* End PBXNativeTarget section */

/* Begin PBXProject section */
		FFC6655925DA5C8D00A7F83C /* Project object */ = {
			isa = PBXProject;
			attributes = {
				LastSwiftUpdateCheck = 1220;
				LastUpgradeCheck = 1220;
				TargetAttributes = {
					FFC6656025DA5C8D00A7F83C = {
						CreatedOnToolsVersion = 12.2;
					};
				};
			};
			buildConfigurationList = FFC6655C25DA5C8D00A7F83C /* Build configuration list for PBXProject "EmojiArt" */;
			compatibilityVersion = "Xcode 9.3";
			developmentRegion = en;
			hasScannedForEncodings = 0;
			knownRegions = (
				en,
				Base,
			);
			mainGroup = FFC6655825DA5C8D00A7F83C;
			productRefGroup = FFC6656225DA5C8D00A7F83C /* Products */;
			projectDirPath = "";
			projectRoot = "";
			targets = (
				FFC6656025DA5C8D00A7F83C /* EmojiArt */,
			);
		};
/* End PBXProject section */

/* Begin PBXResourcesBuildPhase section */
		FFC6655F25DA5C8D00A7F83C /* Resources */ = {
			isa = PBXResourcesBuildPhase;
			buildActionMask = 2147483647;
			files = (
				FFC6657125DA5C8F00A7F83C /* LaunchScreen.storyboard in Resources */,
				FFC6656E25DA5C8F00A7F83C /* Preview Assets.xcassets in Resources */,
				FFC6656B25DA5C8F00A7F83C /* Assets.xcassets in Resources */,
			);
			runOnlyForDeploymentPostprocessing = 0;
		};
/* End PBXResourcesBuildPhase section */

/* Begin PBXSourcesBuildPhase section */
		FFC6655D25DA5C8D00A7F83C /* Sources */ = {
			isa = PBXSourcesBuildPhase;
			buildActionMask = 2147483647;
			files = (
				FFC6656525DA5C8D00A7F83C /* AppDelegate.swift in Sources */,
				FFC6656725DA5C8D00A7F83C /* SceneDelegate.swift in Sources */,
				FFC6658425DA65A700A7F83C /* EmojiArtExtensions.swift in Sources */,
				FFC6658025DA635200A7F83C /* EmojiArt.swift in Sources */,
				FFC6656925DA5C8D00A7F83C /* EmojiArtDocumentView.swift in Sources */,
				FFC6657C25DA5E7200A7F83C /* EmojiArtDocument.swift in Sources */,
			);
			runOnlyForDeploymentPostprocessing = 0;
		};
/* End PBXSourcesBuildPhase section */

/* Begin PBXVariantGroup section */
		FFC6656F25DA5C8F00A7F83C /* LaunchScreen.storyboard */ = {
			isa = PBXVariantGroup;
			children = (
				FFC6657025DA5C8F00A7F83C /* Base */,
			);
			name = LaunchScreen.storyboard;
			sourceTree = "<group>";
		};
/* End PBXVariantGroup section */

/* Begin XCBuildConfiguration section */
		FFC6657325DA5C8F00A7F83C /* Debug */ = {
			isa = XCBuildConfiguration;
			buildSettings = {
				ALWAYS_SEARCH_USER_PATHS = NO;
				CLANG_ANALYZER_NONNULL = YES;
				CLANG_ANALYZER_NUMBER_OBJECT_CONVERSION = YES_AGGRESSIVE;
				CLANG_CXX_LANGUAGE_STANDARD = "gnu++14";
				CLANG_CXX_LIBRARY = "libc++";
				CLANG_ENABLE_MODULES = YES;
				CLANG_ENABLE_OBJC_ARC = YES;
				CLANG_ENABLE_OBJC_WEAK = YES;
				CLANG_WARN_BLOCK_CAPTURE_AUTORELEASING = YES;
				CLANG_WARN_BOOL_CONVERSION = YES;
				CLANG_WARN_COMMA = YES;
				CLANG_WARN_CONSTANT_CONVERSION = YES;
				CLANG_WARN_DEPRECATED_OBJC_IMPLEMENTATIONS = YES;
				CLANG_WARN_DIRECT_OBJC_ISA_USAGE = YES_ERROR;
				CLANG_WARN_DOCUMENTATION_COMMENTS = YES;
				CLANG_WARN_EMPTY_BODY = YES;
				CLANG_WARN_ENUM_CONVERSION = YES;
				CLANG_WARN_INFINITE_RECURSION = YES;
				CLANG_WARN_INT_CONVERSION = YES;
				CLANG_WARN_NON_LITERAL_NULL_CONVERSION = YES;
				CLANG_WARN_OBJC_IMPLICIT_RETAIN_SELF = YES;
				CLANG_WARN_OBJC_LITERAL_CONVERSION = YES;
				CLANG_WARN_OBJC_ROOT_CLASS = YES_ERROR;
				CLANG_WARN_QUOTED_INCLUDE_IN_FRAMEWORK_HEADER = YES;
				CLANG_WARN_RANGE_LOOP_ANALYSIS = YES;
				CLANG_WARN_STRICT_PROTOTYPES = YES;
				CLANG_WARN_SUSPICIOUS_MOVE = YES;
				CLANG_WARN_UNGUARDED_AVAILABILITY = YES_AGGRESSIVE;
				CLANG_WARN_UNREACHABLE_CODE = YES;
				CLANG_WARN__DUPLICATE_METHOD_MATCH = YES;
				COPY_PHASE_STRIP = NO;
				DEBUG_INFORMATION_FORMAT = dwarf;
				ENABLE_STRICT_OBJC_MSGSEND = YES;
				ENABLE_TESTABILITY = YES;
				GCC_C_LANGUAGE_STANDARD = gnu11;
				GCC_DYNAMIC_NO_PIC = NO;
				GCC_NO_COMMON_BLOCKS = YES;
				GCC_OPTIMIZATION_LEVEL = 0;
				GCC_PREPROCESSOR_DEFINITIONS = (
					"DEBUG=1",
					"$(inherited)",
				);
				GCC_WARN_64_TO_32_BIT_CONVERSION = YES;
				GCC_WARN_ABOUT_RETURN_TYPE = YES_ERROR;
				GCC_WARN_UNDECLARED_SELECTOR = YES;
				GCC_WARN_UNINITIALIZED_AUTOS = YES_AGGRESSIVE;
				GCC_WARN_UNUSED_FUNCTION = YES;
				GCC_WARN_UNUSED_VARIABLE = YES;
				IPHONEOS_DEPLOYMENT_TARGET = 14.2;
				MTL_ENABLE_DEBUG_INFO = INCLUDE_SOURCE;
				MTL_FAST_MATH = YES;
				ONLY_ACTIVE_ARCH = YES;
				SDKROOT = iphoneos;
				SWIFT_ACTIVE_COMPILATION_CONDITIONS = DEBUG;
				SWIFT_OPTIMIZATION_LEVEL = "-Onone";
			};
			name = Debug;
		};
		FFC6657425DA5C8F00A7F83C /* Release */ = {
			isa = XCBuildConfiguration;
			buildSettings = {
				ALWAYS_SEARCH_USER_PATHS = NO;
				CLANG_ANALYZER_NONNULL = YES;
				CLANG_ANALYZER_NUMBER_OBJECT_CONVERSION = YES_AGGRESSIVE;
				CLANG_CXX_LANGUAGE_STANDARD = "gnu++14";
				CLANG_CXX_LIBRARY = "libc++";
				CLANG_ENABLE_MODULES = YES;
				CLANG_ENABLE_OBJC_ARC = YES;
				CLANG_ENABLE_OBJC_WEAK = YES;
				CLANG_WARN_BLOCK_CAPTURE_AUTORELEASING = YES;
				CLANG_WARN_BOOL_CONVERSION = YES;
				CLANG_WARN_COMMA = YES;
				CLANG_WARN_CONSTANT_CONVERSION = YES;
				CLANG_WARN_DEPRECATED_OBJC_IMPLEMENTATIONS = YES;
				CLANG_WARN_DIRECT_OBJC_ISA_USAGE = YES_ERROR;
				CLANG_WARN_DOCUMENTATION_COMMENTS = YES;
				CLANG_WARN_EMPTY_BODY = YES;
				CLANG_WARN_ENUM_CONVERSION = YES;
				CLANG_WARN_INFINITE_RECURSION = YES;
				CLANG_WARN_INT_CONVERSION = YES;
				CLANG_WARN_NON_LITERAL_NULL_CONVERSION = YES;
				CLANG_WARN_OBJC_IMPLICIT_RETAIN_SELF = YES;
				CLANG_WARN_OBJC_LITERAL_CONVERSION = YES;
				CLANG_WARN_OBJC_ROOT_CLASS = YES_ERROR;
				CLANG_WARN_QUOTED_INCLUDE_IN_FRAMEWORK_HEADER = YES;
				CLANG_WARN_RANGE_LOOP_ANALYSIS = YES;
				CLANG_WARN_STRICT_PROTOTYPES = YES;
				CLANG_WARN_SUSPICIOUS_MOVE = YES;
				CLANG_WARN_UNGUARDED_AVAILABILITY = YES_AGGRESSIVE;
				CLANG_WARN_UNREACHABLE_CODE = YES;
				CLANG_WARN__DUPLICATE_METHOD_MATCH = YES;
				COPY_PHASE_STRIP = NO;
				DEBUG_INFORMATION_FORMAT = "dwarf-with-dsym";
				ENABLE_NS_ASSERTIONS = NO;
				ENABLE_STRICT_OBJC_MSGSEND = YES;
				GCC_C_LANGUAGE_STANDARD = gnu11;
				GCC_NO_COMMON_BLOCKS = YES;
				GCC_WARN_64_TO_32_BIT_CONVERSION = YES;
				GCC_WARN_ABOUT_RETURN_TYPE = YES_ERROR;
				GCC_WARN_UNDECLARED_SELECTOR = YES;
				GCC_WARN_UNINITIALIZED_AUTOS = YES_AGGRESSIVE;
				GCC_WARN_UNUSED_FUNCTION = YES;
				GCC_WARN_UNUSED_VARIABLE = YES;
				IPHONEOS_DEPLOYMENT_TARGET = 14.2;
				MTL_ENABLE_DEBUG_INFO = NO;
				MTL_FAST_MATH = YES;
				SDKROOT = iphoneos;
				SWIFT_COMPILATION_MODE = wholemodule;
				SWIFT_OPTIMIZATION_LEVEL = "-O";
				VALIDATE_PRODUCT = YES;
			};
			name = Release;
		};
		FFC6657625DA5C8F00A7F83C /* Debug */ = {
			isa = XCBuildConfiguration;
			buildSettings = {
				ASSETCATALOG_COMPILER_APPICON_NAME = AppIcon;
				ASSETCATALOG_COMPILER_GLOBAL_ACCENT_COLOR_NAME = AccentColor;
				CODE_SIGN_STYLE = Automatic;
				DEVELOPMENT_ASSET_PATHS = "\"EmojiArt/Preview Content\"";
				DEVELOPMENT_TEAM = AZX9TD66UC;
				ENABLE_PREVIEWS = YES;
				INFOPLIST_FILE = EmojiArt/Info.plist;
				LD_RUNPATH_SEARCH_PATHS = (
					"$(inherited)",
					"@executable_path/Frameworks",
				);
				PRODUCT_BUNDLE_IDENTIFIER = com.youjean.EmojiArt;
				PRODUCT_NAME = "$(TARGET_NAME)";
				SWIFT_VERSION = 5.0;
				TARGETED_DEVICE_FAMILY = "1,2";
			};
			name = Debug;
		};
		FFC6657725DA5C8F00A7F83C /* Release */ = {
			isa = XCBuildConfiguration;
			buildSettings = {
				ASSETCATALOG_COMPILER_APPICON_NAME = AppIcon;
				ASSETCATALOG_COMPILER_GLOBAL_ACCENT_COLOR_NAME = AccentColor;
				CODE_SIGN_STYLE = Automatic;
				DEVELOPMENT_ASSET_PATHS = "\"EmojiArt/Preview Content\"";
				DEVELOPMENT_TEAM = AZX9TD66UC;
				ENABLE_PREVIEWS = YES;
				INFOPLIST_FILE = EmojiArt/Info.plist;
				LD_RUNPATH_SEARCH_PATHS = (
					"$(inherited)",
					"@executable_path/Frameworks",
				);
				PRODUCT_BUNDLE_IDENTIFIER = com.youjean.EmojiArt;
				PRODUCT_NAME = "$(TARGET_NAME)";
				SWIFT_VERSION = 5.0;
				TARGETED_DEVICE_FAMILY = "1,2";
			};
			name = Release;
		};
/* End XCBuildConfiguration section */

/* Begin XCConfigurationList section */
		FFC6655C25DA5C8D00A7F83C /* Build configuration list for PBXProject "EmojiArt" */ = {
			isa = XCConfigurationList;
			buildConfigurations = (
				FFC6657325DA5C8F00A7F83C /* Debug */,
				FFC6657425DA5C8F00A7F83C /* Release */,
			);
			defaultConfigurationIsVisible = 0;
			defaultConfigurationName = Release;
		};
		FFC6657525DA5C8F00A7F83C /* Build configuration list for PBXNativeTarget "EmojiArt" */ = {
			isa = XCConfigurationList;
			buildConfigurations = (
				FFC6657625DA5C8F00A7F83C /* Debug */,
				FFC6657725DA5C8F00A7F83C /* Release */,
			);
			defaultConfigurationIsVisible = 0;
			defaultConfigurationName = Release;
		};
/* End XCConfigurationList section */
	};
	rootObject = FFC6655925DA5C8D00A7F83C /* Project object */;
}
